
Microsoft Visual Studio Solution File, Format Version 12.00
# Visual Studio Version 17
VisualStudioVersion = 17.9.34701.34
MinimumVisualStudioVersion = 10.0.40219.1
Project("{FAE04EC0-301F-11D3-BF4B-00C04F79EFBC}") = "TvcDay03View", "TvcDay03View.csproj", "{086CAC67-D030-4B63-8A73-CF8AE2999AA7}"
EndProject
Global
	GlobalSection(SolutionConfigurationPlatforms) = preSolution
		Debug|Any CPU = Debug|Any CPU
		Release|Any CPU = Release|Any CPU
	EndGlobalSection
	GlobalSection(ProjectConfigurationPlatforms) = postSolution
		{086CAC67-D030-4B63-8A73-CF8AE2999AA7}.Debug|Any CPU.ActiveCfg = Debug|Any CPU
		{086CAC67-D030-4B63-8A73-CF8AE2999AA7}.Debug|Any CPU.Build.0 = Debug|Any CPU
		{086CAC67-D030-4B63-8A73-CF8AE2999AA7}.Release|Any CPU.ActiveCfg = Release|Any CPU
		{086CAC67-D030-4B63-8A73-CF8AE2999AA7}.Release|Any CPU.Build.0 = Release|Any CPU
	EndGlobalSection
	GlobalSection(SolutionProperties) = preSolution
		HideSolutionNode = FALSE
	EndGlobalSection
	GlobalSection(ExtensibilityGlobals) = postSolution
		SolutionGuid = {BC9BB2CC-1E95-4FC4-96EE-CA3C42D1A668}
	EndGlobalSection
EndGlobal
