
Microsoft Visual Studio Solution File, Format Version 12.00
# Visual Studio Version 17
VisualStudioVersion = 17.9.34701.34
MinimumVisualStudioVersion = 10.0.40219.1
Project("{FAE04EC0-301F-11D3-BF4B-00C04F79EFBC}") = "TvcDay05Model", "TvcDay05Model.csproj", "{68524AD4-A856-4215-9484-908F5ADE320B}"
EndProject
Global
	GlobalSection(SolutionConfigurationPlatforms) = preSolution
		Debug|Any CPU = Debug|Any CPU
		Release|Any CPU = Release|Any CPU
	EndGlobalSection
	GlobalSection(ProjectConfigurationPlatforms) = postSolution
		{68524AD4-A856-4215-9484-908F5ADE320B}.Debug|Any CPU.ActiveCfg = Debug|Any CPU
		{68524AD4-A856-4215-9484-908F5ADE320B}.Debug|Any CPU.Build.0 = Debug|Any CPU
		{68524AD4-A856-4215-9484-908F5ADE320B}.Release|Any CPU.ActiveCfg = Release|Any CPU
		{68524AD4-A856-4215-9484-908F5ADE320B}.Release|Any CPU.Build.0 = Release|Any CPU
	EndGlobalSection
	GlobalSection(SolutionProperties) = preSolution
		HideSolutionNode = FALSE
	EndGlobalSection
	GlobalSection(ExtensibilityGlobals) = postSolution
		SolutionGuid = {1D79605B-A106-4DFF-B49D-975044E1A405}
	EndGlobalSection
EndGlobal
